// !$*UTF8*$!
{
	archiveVersion = 1;
	classes = {
	};
	objectVersion = 46;
	objects = {

/* Begin PBXBuildFile section */
		245F525D1AF1275E00E9D11F /* Utility.m in Sources */ = {isa = PBXBuildFile; fileRef = 245F525C1AF1275E00E9D11F /* Utility.m */; };
		24854EED1AF10D6600EAACC4 /* map@2x.png in Resources */ = {isa = PBXBuildFile; fileRef = 24854EEA1AF10D6600EAACC4 /* map@2x.png */; };
		24854EEE1AF10D6600EAACC4 /* plan@2x.png in Resources */ = {isa = PBXBuildFile; fileRef = 24854EEB1AF10D6600EAACC4 /* plan@2x.png */; };
		24854EEF1AF10D6600EAACC4 /* setting@2x.png in Resources */ = {isa = PBXBuildFile; fileRef = 24854EEC1AF10D6600EAACC4 /* setting@2x.png */; };
		24854EF31AF10F2600EAACC4 /* AbstractViewController.m in Sources */ = {isa = PBXBuildFile; fileRef = 24854EF21AF10F2600EAACC4 /* AbstractViewController.m */; };
		24854EF61AF10FA300EAACC4 /* MapViewController.m in Sources */ = {isa = PBXBuildFile; fileRef = 24854EF51AF10FA300EAACC4 /* MapViewController.m */; };
		24854EF91AF1100B00EAACC4 /* SettingViewController.m in Sources */ = {isa = PBXBuildFile; fileRef = 24854EF81AF1100B00EAACC4 /* SettingViewController.m */; };
		24854EFC1AF1104A00EAACC4 /* BaseActivityPlanViewController.m in Sources */ = {isa = PBXBuildFile; fileRef = 24854EFB1AF1104A00EAACC4 /* BaseActivityPlanViewController.m */; };
		249A9EFF1AE2A00300CAEBEE /* main.m in Sources */ = {isa = PBXBuildFile; fileRef = 249A9EFE1AE2A00300CAEBEE /* main.m */; };
		249A9F021AE2A00300CAEBEE /* AppDelegate.m in Sources */ = {isa = PBXBuildFile; fileRef = 249A9F011AE2A00300CAEBEE /* AppDelegate.m */; };
		249A9F0B1AE2A00300CAEBEE /* Main.storyboard in Resources */ = {isa = PBXBuildFile; fileRef = 249A9F091AE2A00300CAEBEE /* Main.storyboard */; };
		249A9F0D1AE2A00300CAEBEE /* Images.xcassets in Resources */ = {isa = PBXBuildFile; fileRef = 249A9F0C1AE2A00300CAEBEE /* Images.xcassets */; };
		249A9F101AE2A00400CAEBEE /* LaunchScreen.xib in Resources */ = {isa = PBXBuildFile; fileRef = 249A9F0E1AE2A00400CAEBEE /* LaunchScreen.xib */; };
		249A9F1C1AE2A00400CAEBEE /* ActivityPlannerTests.m in Sources */ = {isa = PBXBuildFile; fileRef = 249A9F1B1AE2A00400CAEBEE /* ActivityPlannerTests.m */; };
		249A9F2A1AE2AD5E00CAEBEE /* AllActivityPlan.xib in Resources */ = {isa = PBXBuildFile; fileRef = 249A9F291AE2AD5E00CAEBEE /* AllActivityPlan.xib */; };
		249A9F2C1AE2AD7900CAEBEE /* SectionActivityPlan.xib in Resources */ = {isa = PBXBuildFile; fileRef = 249A9F2B1AE2AD7900CAEBEE /* SectionActivityPlan.xib */; };
		249A9F2E1AE2AE2B00CAEBEE /* ActivityPlanItem.xib in Resources */ = {isa = PBXBuildFile; fileRef = 249A9F2D1AE2AE2B00CAEBEE /* ActivityPlanItem.xib */; };
		249A9F301AE2AE3A00CAEBEE /* ActivityPlanDetailItem.xib in Resources */ = {isa = PBXBuildFile; fileRef = 249A9F2F1AE2AE3A00CAEBEE /* ActivityPlanDetailItem.xib */; };
		249A9F341AEA7EAC00CAEBEE /* LocationController.m in Sources */ = {isa = PBXBuildFile; fileRef = 249A9F331AEA7EAC00CAEBEE /* LocationController.m */; };
		249A9F371AEA7EBE00CAEBEE /* MotionActivityController.m in Sources */ = {isa = PBXBuildFile; fileRef = 249A9F361AEA7EBE00CAEBEE /* MotionActivityController.m */; };
		249A9F3A1AEA7ECC00CAEBEE /* MotionController.m in Sources */ = {isa = PBXBuildFile; fileRef = 249A9F391AEA7ECC00CAEBEE /* MotionController.m */; };
		249A9F3D1AEA7ED900CAEBEE /* SensorManager.m in Sources */ = {isa = PBXBuildFile; fileRef = 249A9F3C1AEA7ED900CAEBEE /* SensorManager.m */; };
		249A9F401AEA7F3B00CAEBEE /* AppMainController.m in Sources */ = {isa = PBXBuildFile; fileRef = 249A9F3F1AEA7F3B00CAEBEE /* AppMainController.m */; };
		249A9F471AEE565100CAEBEE /* logtrace.m in Sources */ = {isa = PBXBuildFile; fileRef = 249A9F461AEE565100CAEBEE /* logtrace.m */; };
/* End PBXBuildFile section */

/* Begin PBXContainerItemProxy section */
		249A9F161AE2A00400CAEBEE /* PBXContainerItemProxy */ = {
			isa = PBXContainerItemProxy;
			containerPortal = 249A9EF11AE2A00300CAEBEE /* Project object */;
			proxyType = 1;
			remoteGlobalIDString = 249A9EF81AE2A00300CAEBEE;
			remoteInfo = ActivityPlanner;
		};
/* End PBXContainerItemProxy section */

/* Begin PBXFileReference section */
		245F525B1AF1275E00E9D11F /* Utility.h */ = {isa = PBXFileReference; fileEncoding = 4; lastKnownFileType = sourcecode.c.h; path = Utility.h; sourceTree = "<group>"; };
		245F525C1AF1275E00E9D11F /* Utility.m */ = {isa = PBXFileReference; fileEncoding = 4; lastKnownFileType = sourcecode.c.objc; path = Utility.m; sourceTree = "<group>"; };
		24854EEA1AF10D6600EAACC4 /* map@2x.png */ = {isa = PBXFileReference; lastKnownFileType = image.png; name = "map@2x.png"; path = "ActivityPlanner/Resources/map@2x.png"; sourceTree = "<group>"; };
		24854EEB1AF10D6600EAACC4 /* plan@2x.png */ = {isa = PBXFileReference; lastKnownFileType = image.png; name = "plan@2x.png"; path = "ActivityPlanner/Resources/plan@2x.png"; sourceTree = "<group>"; };
		24854EEC1AF10D6600EAACC4 /* setting@2x.png */ = {isa = PBXFileReference; lastKnownFileType = image.png; name = "setting@2x.png"; path = "ActivityPlanner/Resources/setting@2x.png"; sourceTree = "<group>"; };
		24854EF11AF10F2600EAACC4 /* AbstractViewController.h */ = {isa = PBXFileReference; fileEncoding = 4; lastKnownFileType = sourcecode.c.h; path = AbstractViewController.h; sourceTree = "<group>"; };
		24854EF21AF10F2600EAACC4 /* AbstractViewController.m */ = {isa = PBXFileReference; fileEncoding = 4; lastKnownFileType = sourcecode.c.objc; path = AbstractViewController.m; sourceTree = "<group>"; };
		24854EF41AF10FA300EAACC4 /* MapViewController.h */ = {isa = PBXFileReference; fileEncoding = 4; lastKnownFileType = sourcecode.c.h; path = MapViewController.h; sourceTree = "<group>"; };
		24854EF51AF10FA300EAACC4 /* MapViewController.m */ = {isa = PBXFileReference; fileEncoding = 4; lastKnownFileType = sourcecode.c.objc; path = MapViewController.m; sourceTree = "<group>"; };
		24854EF71AF1100B00EAACC4 /* SettingViewController.h */ = {isa = PBXFileReference; fileEncoding = 4; lastKnownFileType = sourcecode.c.h; path = SettingViewController.h; sourceTree = "<group>"; };
		24854EF81AF1100B00EAACC4 /* SettingViewController.m */ = {isa = PBXFileReference; fileEncoding = 4; lastKnownFileType = sourcecode.c.objc; path = SettingViewController.m; sourceTree = "<group>"; };
		24854EFA1AF1104A00EAACC4 /* BaseActivityPlanViewController.h */ = {isa = PBXFileReference; fileEncoding = 4; lastKnownFileType = sourcecode.c.h; path = BaseActivityPlanViewController.h; sourceTree = "<group>"; };
		24854EFB1AF1104A00EAACC4 /* BaseActivityPlanViewController.m */ = {isa = PBXFileReference; fileEncoding = 4; lastKnownFileType = sourcecode.c.objc; path = BaseActivityPlanViewController.m; sourceTree = "<group>"; };
		249A9EF91AE2A00300CAEBEE /* ActivityPlanner.app */ = {isa = PBXFileReference; explicitFileType = wrapper.application; includeInIndex = 0; path = ActivityPlanner.app; sourceTree = BUILT_PRODUCTS_DIR; };
		249A9EFD1AE2A00300CAEBEE /* Info.plist */ = {isa = PBXFileReference; lastKnownFileType = text.plist.xml; path = Info.plist; sourceTree = "<group>"; };
		249A9EFE1AE2A00300CAEBEE /* main.m */ = {isa = PBXFileReference; lastKnownFileType = sourcecode.c.objc; path = main.m; sourceTree = "<group>"; };
		249A9F001AE2A00300CAEBEE /* AppDelegate.h */ = {isa = PBXFileReference; lastKnownFileType = sourcecode.c.h; path = AppDelegate.h; sourceTree = "<group>"; };
		249A9F011AE2A00300CAEBEE /* AppDelegate.m */ = {isa = PBXFileReference; lastKnownFileType = sourcecode.c.objc; path = AppDelegate.m; sourceTree = "<group>"; };
		249A9F0A1AE2A00300CAEBEE /* Base */ = {isa = PBXFileReference; lastKnownFileType = file.storyboard; name = Base; path = Base.lproj/Main.storyboard; sourceTree = "<group>"; };
		249A9F0C1AE2A00300CAEBEE /* Images.xcassets */ = {isa = PBXFileReference; lastKnownFileType = folder.assetcatalog; path = Images.xcassets; sourceTree = "<group>"; };
		249A9F0F1AE2A00400CAEBEE /* Base */ = {isa = PBXFileReference; lastKnownFileType = file.xib; name = Base; path = Base.lproj/LaunchScreen.xib; sourceTree = "<group>"; };
		249A9F151AE2A00400CAEBEE /* ActivityPlannerTests.xctest */ = {isa = PBXFileReference; explicitFileType = wrapper.cfbundle; includeInIndex = 0; path = ActivityPlannerTests.xctest; sourceTree = BUILT_PRODUCTS_DIR; };
		249A9F1A1AE2A00400CAEBEE /* Info.plist */ = {isa = PBXFileReference; lastKnownFileType = text.plist.xml; path = Info.plist; sourceTree = "<group>"; };
		249A9F1B1AE2A00400CAEBEE /* ActivityPlannerTests.m */ = {isa = PBXFileReference; lastKnownFileType = sourcecode.c.objc; path = ActivityPlannerTests.m; sourceTree = "<group>"; };
		249A9F291AE2AD5E00CAEBEE /* AllActivityPlan.xib */ = {isa = PBXFileReference; fileEncoding = 4; lastKnownFileType = file.xib; path = AllActivityPlan.xib; sourceTree = "<group>"; };
		249A9F2B1AE2AD7900CAEBEE /* SectionActivityPlan.xib */ = {isa = PBXFileReference; fileEncoding = 4; lastKnownFileType = file.xib; path = SectionActivityPlan.xib; sourceTree = "<group>"; };
		249A9F2D1AE2AE2B00CAEBEE /* ActivityPlanItem.xib */ = {isa = PBXFileReference; fileEncoding = 4; lastKnownFileType = file.xib; path = ActivityPlanItem.xib; sourceTree = "<group>"; };
		249A9F2F1AE2AE3A00CAEBEE /* ActivityPlanDetailItem.xib */ = {isa = PBXFileReference; fileEncoding = 4; lastKnownFileType = file.xib; path = ActivityPlanDetailItem.xib; sourceTree = "<group>"; };
		249A9F321AEA7EAC00CAEBEE /* LocationController.h */ = {isa = PBXFileReference; fileEncoding = 4; lastKnownFileType = sourcecode.c.h; path = LocationController.h; sourceTree = "<group>"; };
		249A9F331AEA7EAC00CAEBEE /* LocationController.m */ = {isa = PBXFileReference; fileEncoding = 4; lastKnownFileType = sourcecode.c.objc; path = LocationController.m; sourceTree = "<group>"; };
		249A9F351AEA7EBE00CAEBEE /* MotionActivityController.h */ = {isa = PBXFileReference; fileEncoding = 4; lastKnownFileType = sourcecode.c.h; path = MotionActivityController.h; sourceTree = "<group>"; };
		249A9F361AEA7EBE00CAEBEE /* MotionActivityController.m */ = {isa = PBXFileReference; fileEncoding = 4; lastKnownFileType = sourcecode.c.objc; path = MotionActivityController.m; sourceTree = "<group>"; };
		249A9F381AEA7ECC00CAEBEE /* MotionController.h */ = {isa = PBXFileReference; fileEncoding = 4; lastKnownFileType = sourcecode.c.h; path = MotionController.h; sourceTree = "<group>"; };
		249A9F391AEA7ECC00CAEBEE /* MotionController.m */ = {isa = PBXFileReference; fileEncoding = 4; lastKnownFileType = sourcecode.c.objc; path = MotionController.m; sourceTree = "<group>"; };
		249A9F3B1AEA7ED900CAEBEE /* SensorManager.h */ = {isa = PBXFileReference; fileEncoding = 4; lastKnownFileType = sourcecode.c.h; path = SensorManager.h; sourceTree = "<group>"; };
		249A9F3C1AEA7ED900CAEBEE /* SensorManager.m */ = {isa = PBXFileReference; fileEncoding = 4; lastKnownFileType = sourcecode.c.objc; path = SensorManager.m; sourceTree = "<group>"; };
		249A9F3E1AEA7F3B00CAEBEE /* AppMainController.h */ = {isa = PBXFileReference; fileEncoding = 4; lastKnownFileType = sourcecode.c.h; path = AppMainController.h; sourceTree = "<group>"; };
		249A9F3F1AEA7F3B00CAEBEE /* AppMainController.m */ = {isa = PBXFileReference; fileEncoding = 4; lastKnownFileType = sourcecode.c.objc; path = AppMainController.m; sourceTree = "<group>"; };
		249A9F451AEE565100CAEBEE /* logtrace.h */ = {isa = PBXFileReference; fileEncoding = 4; lastKnownFileType = sourcecode.c.h; path = logtrace.h; sourceTree = "<group>"; };
		249A9F461AEE565100CAEBEE /* logtrace.m */ = {isa = PBXFileReference; fileEncoding = 4; lastKnownFileType = sourcecode.c.objc; path = logtrace.m; sourceTree = "<group>"; };
/* End PBXFileReference section */

/* Begin PBXFrameworksBuildPhase section */
		249A9EF61AE2A00300CAEBEE /* Frameworks */ = {
			isa = PBXFrameworksBuildPhase;
			buildActionMask = 2147483647;
			files = (
			);
			runOnlyForDeploymentPostprocessing = 0;
		};
		249A9F121AE2A00400CAEBEE /* Frameworks */ = {
			isa = PBXFrameworksBuildPhase;
			buildActionMask = 2147483647;
			files = (
			);
			runOnlyForDeploymentPostprocessing = 0;
		};
/* End PBXFrameworksBuildPhase section */

/* Begin PBXGroup section */
		245F525A1AF1273200E9D11F /* Utility */ = {
			isa = PBXGroup;
			children = (
				245F525B1AF1275E00E9D11F /* Utility.h */,
				245F525C1AF1275E00E9D11F /* Utility.m */,
			);
			name = Utility;
			sourceTree = "<group>";
		};
		24854EE91AF10D4E00EAACC4 /* Resources */ = {
			isa = PBXGroup;
			children = (
				24854EEA1AF10D6600EAACC4 /* map@2x.png */,
				24854EEB1AF10D6600EAACC4 /* plan@2x.png */,
				24854EEC1AF10D6600EAACC4 /* setting@2x.png */,
			);
			name = Resources;
			sourceTree = "<group>";
		};
		249A9EF01AE2A00300CAEBEE = {
			isa = PBXGroup;
			children = (
				249A9EFB1AE2A00300CAEBEE /* ActivityPlanner */,
				249A9F181AE2A00400CAEBEE /* ActivityPlannerTests */,
				249A9EFA1AE2A00300CAEBEE /* Products */,
				24854EE91AF10D4E00EAACC4 /* Resources */,
			);
			sourceTree = "<group>";
		};
		249A9EFA1AE2A00300CAEBEE /* Products */ = {
			isa = PBXGroup;
			children = (
				249A9EF91AE2A00300CAEBEE /* ActivityPlanner.app */,
				249A9F151AE2A00400CAEBEE /* ActivityPlannerTests.xctest */,
			);
			name = Products;
			sourceTree = "<group>";
		};
		249A9EFB1AE2A00300CAEBEE /* ActivityPlanner */ = {
			isa = PBXGroup;
			children = (
				245F525A1AF1273200E9D11F /* Utility */,
				249A9F451AEE565100CAEBEE /* logtrace.h */,
				249A9F461AEE565100CAEBEE /* logtrace.m */,
				249A9F001AE2A00300CAEBEE /* AppDelegate.h */,
				249A9F011AE2A00300CAEBEE /* AppDelegate.m */,
				249A9F3E1AEA7F3B00CAEBEE /* AppMainController.h */,
				249A9F3F1AEA7F3B00CAEBEE /* AppMainController.m */,
				249A9F271AE2A01900CAEBEE /* CustomUI */,
				249A9F311AEA7E7E00CAEBEE /* Sensor */,
				249A9EFC1AE2A00300CAEBEE /* Supporting Files */,
				249A9F281AE2A04E00CAEBEE /* UIDesign */,
				249A9F441AEA846000CAEBEE /* View */,
			);
			path = ActivityPlanner;
			sourceTree = "<group>";
		};
		249A9EFC1AE2A00300CAEBEE /* Supporting Files */ = {
			isa = PBXGroup;
			children = (
				249A9EFD1AE2A00300CAEBEE /* Info.plist */,
				249A9EFE1AE2A00300CAEBEE /* main.m */,
			);
			name = "Supporting Files";
			sourceTree = "<group>";
		};
		249A9F181AE2A00400CAEBEE /* ActivityPlannerTests */ = {
			isa = PBXGroup;
			children = (
				249A9F1B1AE2A00400CAEBEE /* ActivityPlannerTests.m */,
				249A9F191AE2A00400CAEBEE /* Supporting Files */,
			);
			path = ActivityPlannerTests;
			sourceTree = "<group>";
		};
		249A9F191AE2A00400CAEBEE /* Supporting Files */ = {
			isa = PBXGroup;
			children = (
				249A9F1A1AE2A00400CAEBEE /* Info.plist */,
			);
			name = "Supporting Files";
			sourceTree = "<group>";
		};
		249A9F271AE2A01900CAEBEE /* CustomUI */ = {
			isa = PBXGroup;
			children = (
			);
			name = CustomUI;
			sourceTree = "<group>";
		};
		249A9F281AE2A04E00CAEBEE /* UIDesign */ = {
			isa = PBXGroup;
			children = (
				249A9F091AE2A00300CAEBEE /* Main.storyboard */,
				249A9F0C1AE2A00300CAEBEE /* Images.xcassets */,
				249A9F0E1AE2A00400CAEBEE /* LaunchScreen.xib */,
				249A9F291AE2AD5E00CAEBEE /* AllActivityPlan.xib */,
				249A9F2B1AE2AD7900CAEBEE /* SectionActivityPlan.xib */,
				249A9F2D1AE2AE2B00CAEBEE /* ActivityPlanItem.xib */,
				249A9F2F1AE2AE3A00CAEBEE /* ActivityPlanDetailItem.xib */,
			);
			name = UIDesign;
			sourceTree = "<group>";
		};
		249A9F311AEA7E7E00CAEBEE /* Sensor */ = {
			isa = PBXGroup;
			children = (
				249A9F321AEA7EAC00CAEBEE /* LocationController.h */,
				249A9F331AEA7EAC00CAEBEE /* LocationController.m */,
				249A9F351AEA7EBE00CAEBEE /* MotionActivityController.h */,
				249A9F361AEA7EBE00CAEBEE /* MotionActivityController.m */,
				249A9F381AEA7ECC00CAEBEE /* MotionController.h */,
				249A9F391AEA7ECC00CAEBEE /* MotionController.m */,
				249A9F3B1AEA7ED900CAEBEE /* SensorManager.h */,
				249A9F3C1AEA7ED900CAEBEE /* SensorManager.m */,
			);
			name = Sensor;
			sourceTree = "<group>";
		};
		249A9F441AEA846000CAEBEE /* View */ = {
			isa = PBXGroup;
			children = (
				24854EF11AF10F2600EAACC4 /* AbstractViewController.h */,
				24854EF21AF10F2600EAACC4 /* AbstractViewController.m */,
				24854EF41AF10FA300EAACC4 /* MapViewController.h */,
				24854EF51AF10FA300EAACC4 /* MapViewController.m */,
				24854EF71AF1100B00EAACC4 /* SettingViewController.h */,
				24854EF81AF1100B00EAACC4 /* SettingViewController.m */,
				24854EFA1AF1104A00EAACC4 /* BaseActivityPlanViewController.h */,
				24854EFB1AF1104A00EAACC4 /* BaseActivityPlanViewController.m */,
			);
			name = View;
			sourceTree = "<group>";
		};
/* End PBXGroup section */

/* Begin PBXNativeTarget section */
		249A9EF81AE2A00300CAEBEE /* ActivityPlanner */ = {
			isa = PBXNativeTarget;
			buildConfigurationList = 249A9F1F1AE2A00400CAEBEE /* Build configuration list for PBXNativeTarget "ActivityPlanner" */;
			buildPhases = (
				249A9EF51AE2A00300CAEBEE /* Sources */,
				249A9EF61AE2A00300CAEBEE /* Frameworks */,
				249A9EF71AE2A00300CAEBEE /* Resources */,
			);
			buildRules = (
			);
			dependencies = (
			);
			name = ActivityPlanner;
			productName = ActivityPlanner;
			productReference = 249A9EF91AE2A00300CAEBEE /* ActivityPlanner.app */;
			productType = "com.apple.product-type.application";
		};
		249A9F141AE2A00400CAEBEE /* ActivityPlannerTests */ = {
			isa = PBXNativeTarget;
			buildConfigurationList = 249A9F221AE2A00400CAEBEE /* Build configuration list for PBXNativeTarget "ActivityPlannerTests" */;
			buildPhases = (
				249A9F111AE2A00400CAEBEE /* Sources */,
				249A9F121AE2A00400CAEBEE /* Frameworks */,
				249A9F131AE2A00400CAEBEE /* Resources */,
			);
			buildRules = (
			);
			dependencies = (
				249A9F171AE2A00400CAEBEE /* PBXTargetDependency */,
			);
			name = ActivityPlannerTests;
			productName = ActivityPlannerTests;
			productReference = 249A9F151AE2A00400CAEBEE /* ActivityPlannerTests.xctest */;
			productType = "com.apple.product-type.bundle.unit-test";
		};
/* End PBXNativeTarget section */

/* Begin PBXProject section */
		249A9EF11AE2A00300CAEBEE /* Project object */ = {
			isa = PBXProject;
			attributes = {
				LastUpgradeCheck = 0630;
				ORGANIZATIONNAME = KudoShunsuke;
				TargetAttributes = {
					249A9EF81AE2A00300CAEBEE = {
						CreatedOnToolsVersion = 6.3;
						SystemCapabilities = {
							com.apple.BackgroundModes = {
								enabled = 1;
							};
						};
					};
					249A9F141AE2A00400CAEBEE = {
						CreatedOnToolsVersion = 6.3;
						TestTargetID = 249A9EF81AE2A00300CAEBEE;
					};
				};
			};
			buildConfigurationList = 249A9EF41AE2A00300CAEBEE /* Build configuration list for PBXProject "ActivityPlanner" */;
			compatibilityVersion = "Xcode 3.2";
			developmentRegion = English;
			hasScannedForEncodings = 0;
			knownRegions = (
				en,
				Base,
			);
			mainGroup = 249A9EF01AE2A00300CAEBEE;
			productRefGroup = 249A9EFA1AE2A00300CAEBEE /* Products */;
			projectDirPath = "";
			projectRoot = "";
			targets = (
				249A9EF81AE2A00300CAEBEE /* ActivityPlanner */,
				249A9F141AE2A00400CAEBEE /* ActivityPlannerTests */,
			);
		};
/* End PBXProject section */

/* Begin PBXResourcesBuildPhase section */
		249A9EF71AE2A00300CAEBEE /* Resources */ = {
			isa = PBXResourcesBuildPhase;
			buildActionMask = 2147483647;
			files = (
				24854EEE1AF10D6600EAACC4 /* plan@2x.png in Resources */,
				249A9F0B1AE2A00300CAEBEE /* Main.storyboard in Resources */,
				249A9F2A1AE2AD5E00CAEBEE /* AllActivityPlan.xib in Resources */,
				249A9F2E1AE2AE2B00CAEBEE /* ActivityPlanItem.xib in Resources */,
				249A9F301AE2AE3A00CAEBEE /* ActivityPlanDetailItem.xib in Resources */,
				249A9F101AE2A00400CAEBEE /* LaunchScreen.xib in Resources */,
				24854EED1AF10D6600EAACC4 /* map@2x.png in Resources */,
				249A9F2C1AE2AD7900CAEBEE /* SectionActivityPlan.xib in Resources */,
				249A9F0D1AE2A00300CAEBEE /* Images.xcassets in Resources */,
				24854EEF1AF10D6600EAACC4 /* setting@2x.png in Resources */,
			);
			runOnlyForDeploymentPostprocessing = 0;
		};
		249A9F131AE2A00400CAEBEE /* Resources */ = {
			isa = PBXResourcesBuildPhase;
			buildActionMask = 2147483647;
			files = (
			);
			runOnlyForDeploymentPostprocessing = 0;
		};
/* End PBXResourcesBuildPhase section */

/* Begin PBXSourcesBuildPhase section */
		249A9EF51AE2A00300CAEBEE /* Sources */ = {
			isa = PBXSourcesBuildPhase;
			buildActionMask = 2147483647;
			files = (
				249A9F341AEA7EAC00CAEBEE /* LocationController.m in Sources */,
				249A9F021AE2A00300CAEBEE /* AppDelegate.m in Sources */,
				24854EF61AF10FA300EAACC4 /* MapViewController.m in Sources */,
				249A9F371AEA7EBE00CAEBEE /* MotionActivityController.m in Sources */,
				249A9F471AEE565100CAEBEE /* logtrace.m in Sources */,
				249A9EFF1AE2A00300CAEBEE /* main.m in Sources */,
				24854EFC1AF1104A00EAACC4 /* BaseActivityPlanViewController.m in Sources */,
				24854EF31AF10F2600EAACC4 /* AbstractViewController.m in Sources */,
				249A9F3A1AEA7ECC00CAEBEE /* MotionController.m in Sources */,
				249A9F3D1AEA7ED900CAEBEE /* SensorManager.m in Sources */,
				249A9F401AEA7F3B00CAEBEE /* AppMainController.m in Sources */,
				24854EF91AF1100B00EAACC4 /* SettingViewController.m in Sources */,
				245F525D1AF1275E00E9D11F /* Utility.m in Sources */,
			);
			runOnlyForDeploymentPostprocessing = 0;
		};
		249A9F111AE2A00400CAEBEE /* Sources */ = {
			isa = PBXSourcesBuildPhase;
			buildActionMask = 2147483647;
			files = (
				249A9F1C1AE2A00400CAEBEE /* ActivityPlannerTests.m in Sources */,
			);
			runOnlyForDeploymentPostprocessing = 0;
		};
/* End PBXSourcesBuildPhase section */

/* Begin PBXTargetDependency section */
		249A9F171AE2A00400CAEBEE /* PBXTargetDependency */ = {
			isa = PBXTargetDependency;
			target = 249A9EF81AE2A00300CAEBEE /* ActivityPlanner */;
			targetProxy = 249A9F161AE2A00400CAEBEE /* PBXContainerItemProxy */;
		};
/* End PBXTargetDependency section */

/* Begin PBXVariantGroup section */
		249A9F091AE2A00300CAEBEE /* Main.storyboard */ = {
			isa = PBXVariantGroup;
			children = (
				249A9F0A1AE2A00300CAEBEE /* Base */,
			);
			name = Main.storyboard;
			sourceTree = "<group>";
		};
		249A9F0E1AE2A00400CAEBEE /* LaunchScreen.xib */ = {
			isa = PBXVariantGroup;
			children = (
				249A9F0F1AE2A00400CAEBEE /* Base */,
			);
			name = LaunchScreen.xib;
			sourceTree = "<group>";
		};
/* End PBXVariantGroup section */

/* Begin XCBuildConfiguration section */
		249A9F1D1AE2A00400CAEBEE /* Debug */ = {
			isa = XCBuildConfiguration;
			buildSettings = {
				ALWAYS_SEARCH_USER_PATHS = NO;
				CLANG_CXX_LANGUAGE_STANDARD = "gnu++0x";
				CLANG_CXX_LIBRARY = "libc++";
				CLANG_ENABLE_MODULES = YES;
				CLANG_ENABLE_OBJC_ARC = YES;
				CLANG_WARN_BOOL_CONVERSION = YES;
				CLANG_WARN_CONSTANT_CONVERSION = YES;
				CLANG_WARN_DIRECT_OBJC_ISA_USAGE = YES_ERROR;
				CLANG_WARN_EMPTY_BODY = YES;
				CLANG_WARN_ENUM_CONVERSION = YES;
				CLANG_WARN_INT_CONVERSION = YES;
				CLANG_WARN_OBJC_ROOT_CLASS = YES_ERROR;
				CLANG_WARN_UNREACHABLE_CODE = YES;
				CLANG_WARN__DUPLICATE_METHOD_MATCH = YES;
				"CODE_SIGN_IDENTITY[sdk=iphoneos*]" = "iPhone Developer";
				COPY_PHASE_STRIP = NO;
				DEBUG_INFORMATION_FORMAT = "dwarf-with-dsym";
				ENABLE_STRICT_OBJC_MSGSEND = YES;
				GCC_C_LANGUAGE_STANDARD = gnu99;
				GCC_DYNAMIC_NO_PIC = NO;
				GCC_NO_COMMON_BLOCKS = YES;
				GCC_OPTIMIZATION_LEVEL = 0;
				GCC_PREPROCESSOR_DEFINITIONS = (
					"DEBUG=1",
					"$(inherited)",
				);
				GCC_SYMBOLS_PRIVATE_EXTERN = NO;
				GCC_WARN_64_TO_32_BIT_CONVERSION = YES;
				GCC_WARN_ABOUT_RETURN_TYPE = YES_ERROR;
				GCC_WARN_UNDECLARED_SELECTOR = YES;
				GCC_WARN_UNINITIALIZED_AUTOS = YES_AGGRESSIVE;
				GCC_WARN_UNUSED_FUNCTION = YES;
				GCC_WARN_UNUSED_VARIABLE = YES;
				IPHONEOS_DEPLOYMENT_TARGET = 8.3;
				MTL_ENABLE_DEBUG_INFO = YES;
				ONLY_ACTIVE_ARCH = YES;
				SDKROOT = iphoneos;
			};
			name = Debug;
		};
		249A9F1E1AE2A00400CAEBEE /* Release */ = {
			isa = XCBuildConfiguration;
			buildSettings = {
				ALWAYS_SEARCH_USER_PATHS = NO;
				CLANG_CXX_LANGUAGE_STANDARD = "gnu++0x";
				CLANG_CXX_LIBRARY = "libc++";
				CLANG_ENABLE_MODULES = YES;
				CLANG_ENABLE_OBJC_ARC = YES;
				CLANG_WARN_BOOL_CONVERSION = YES;
				CLANG_WARN_CONSTANT_CONVERSION = YES;
				CLANG_WARN_DIRECT_OBJC_ISA_USAGE = YES_ERROR;
				CLANG_WARN_EMPTY_BODY = YES;
				CLANG_WARN_ENUM_CONVERSION = YES;
				CLANG_WARN_INT_CONVERSION = YES;
				CLANG_WARN_OBJC_ROOT_CLASS = YES_ERROR;
				CLANG_WARN_UNREACHABLE_CODE = YES;
				CLANG_WARN__DUPLICATE_METHOD_MATCH = YES;
				"CODE_SIGN_IDENTITY[sdk=iphoneos*]" = "iPhone Developer";
				COPY_PHASE_STRIP = NO;
				DEBUG_INFORMATION_FORMAT = "dwarf-with-dsym";
				ENABLE_NS_ASSERTIONS = NO;
				ENABLE_STRICT_OBJC_MSGSEND = YES;
				GCC_C_LANGUAGE_STANDARD = gnu99;
				GCC_NO_COMMON_BLOCKS = YES;
				GCC_WARN_64_TO_32_BIT_CONVERSION = YES;
				GCC_WARN_ABOUT_RETURN_TYPE = YES_ERROR;
				GCC_WARN_UNDECLARED_SELECTOR = YES;
				GCC_WARN_UNINITIALIZED_AUTOS = YES_AGGRESSIVE;
				GCC_WARN_UNUSED_FUNCTION = YES;
				GCC_WARN_UNUSED_VARIABLE = YES;
				IPHONEOS_DEPLOYMENT_TARGET = 8.3;
				MTL_ENABLE_DEBUG_INFO = NO;
				SDKROOT = iphoneos;
				VALIDATE_PRODUCT = YES;
			};
			name = Release;
		};
		249A9F201AE2A00400CAEBEE /* Debug */ = {
			isa = XCBuildConfiguration;
			buildSettings = {
				ASSETCATALOG_COMPILER_APPICON_NAME = AppIcon;
				INFOPLIST_FILE = ActivityPlanner/Info.plist;
				LD_RUNPATH_SEARCH_PATHS = "$(inherited) @executable_path/Frameworks";
				PRODUCT_NAME = "$(TARGET_NAME)";
			};
			name = Debug;
		};
		249A9F211AE2A00400CAEBEE /* Release */ = {
			isa = XCBuildConfiguration;
			buildSettings = {
				ASSETCATALOG_COMPILER_APPICON_NAME = AppIcon;
				INFOPLIST_FILE = ActivityPlanner/Info.plist;
				LD_RUNPATH_SEARCH_PATHS = "$(inherited) @executable_path/Frameworks";
				PRODUCT_NAME = "$(TARGET_NAME)";
			};
			name = Release;
		};
		249A9F231AE2A00400CAEBEE /* Debug */ = {
			isa = XCBuildConfiguration;
			buildSettings = {
				BUNDLE_LOADER = "$(TEST_HOST)";
				FRAMEWORK_SEARCH_PATHS = (
					"$(SDKROOT)/Developer/Library/Frameworks",
					"$(inherited)",
				);
				GCC_PREPROCESSOR_DEFINITIONS = (
					"DEBUG=1",
					"$(inherited)",
				);
				INFOPLIST_FILE = ActivityPlannerTests/Info.plist;
				LD_RUNPATH_SEARCH_PATHS = "$(inherited) @executable_path/Frameworks @loader_path/Frameworks";
				PRODUCT_NAME = "$(TARGET_NAME)";
				TEST_HOST = "$(BUILT_PRODUCTS_DIR)/ActivityPlanner.app/ActivityPlanner";
			};
			name = Debug;
		};
		249A9F241AE2A00400CAEBEE /* Release */ = {
			isa = XCBuildConfiguration;
			buildSettings = {
				BUNDLE_LOADER = "$(TEST_HOST)";
				FRAMEWORK_SEARCH_PATHS = (
					"$(SDKROOT)/Developer/Library/Frameworks",
					"$(inherited)",
				);
				INFOPLIST_FILE = ActivityPlannerTests/Info.plist;
				LD_RUNPATH_SEARCH_PATHS = "$(inherited) @executable_path/Frameworks @loader_path/Frameworks";
				PRODUCT_NAME = "$(TARGET_NAME)";
				TEST_HOST = "$(BUILT_PRODUCTS_DIR)/ActivityPlanner.app/ActivityPlanner";
			};
			name = Release;
		};
/* End XCBuildConfiguration section */

/* Begin XCConfigurationList section */
		249A9EF41AE2A00300CAEBEE /* Build configuration list for PBXProject "ActivityPlanner" */ = {
			isa = XCConfigurationList;
			buildConfigurations = (
				249A9F1D1AE2A00400CAEBEE /* Debug */,
				249A9F1E1AE2A00400CAEBEE /* Release */,
			);
			defaultConfigurationIsVisible = 0;
			defaultConfigurationName = Release;
		};
		249A9F1F1AE2A00400CAEBEE /* Build configuration list for PBXNativeTarget "ActivityPlanner" */ = {
			isa = XCConfigurationList;
			buildConfigurations = (
				249A9F201AE2A00400CAEBEE /* Debug */,
				249A9F211AE2A00400CAEBEE /* Release */,
			);
			defaultConfigurationIsVisible = 0;
			defaultConfigurationName = Release;
		};
		249A9F221AE2A00400CAEBEE /* Build configuration list for PBXNativeTarget "ActivityPlannerTests" */ = {
			isa = XCConfigurationList;
			buildConfigurations = (
				249A9F231AE2A00400CAEBEE /* Debug */,
				249A9F241AE2A00400CAEBEE /* Release */,
			);
			defaultConfigurationIsVisible = 0;
			defaultConfigurationName = Release;
		};
/* End XCConfigurationList section */
	};
	rootObject = 249A9EF11AE2A00300CAEBEE /* Project object */;
}
